
Microsoft Visual Studio Solution File, Format Version 12.00
# Visual Studio Version 17
VisualStudioVersion = 17.0.31903.59
MinimumVisualStudioVersion = 10.0.40219.1
Project("{FAE04EC0-301F-11D3-BF4B-00C04F79EFBC}") = "AmazBlog.Cms", "AmazBlog.Cms\AmazBlog.Cms.csproj", "{224F1B44-9A66-4B7C-9966-B8E9CECB2514}"
EndProject
Project("{FAE04EC0-301F-11D3-BF4B-00C04F79EFBC}") = "AmazBlog.Theme1", "AmazBlog.Theme1\AmazBlog.Theme1.csproj", "{E96DED5A-AA33-4BB1-B35B-C6B3181230A6}"
EndProject
Global
	GlobalSection(SolutionConfigurationPlatforms) = preSolution
		Debug|Any CPU = Debug|Any CPU
		Release|Any CPU = Release|Any CPU
	EndGlobalSection
	GlobalSection(SolutionProperties) = preSolution
		HideSolutionNode = FALSE
	EndGlobalSection
	GlobalSection(ProjectConfigurationPlatforms) = postSolution
		{224F1B44-9A66-4B7C-9966-B8E9CECB2514}.Debug|Any CPU.ActiveCfg = Debug|Any CPU
		{224F1B44-9A66-4B7C-9966-B8E9CECB2514}.Debug|Any CPU.Build.0 = Debug|Any CPU
		{224F1B44-9A66-4B7C-9966-B8E9CECB2514}.Release|Any CPU.ActiveCfg = Release|Any CPU
		{224F1B44-9A66-4B7C-9966-B8E9CECB2514}.Release|Any CPU.Build.0 = Release|Any CPU
		{E96DED5A-AA33-4BB1-B35B-C6B3181230A6}.Debug|Any CPU.ActiveCfg = Debug|Any CPU
		{E96DED5A-AA33-4BB1-B35B-C6B3181230A6}.Debug|Any CPU.Build.0 = Debug|Any CPU
		{E96DED5A-AA33-4BB1-B35B-C6B3181230A6}.Release|Any CPU.ActiveCfg = Release|Any CPU
		{E96DED5A-AA33-4BB1-B35B-C6B3181230A6}.Release|Any CPU.Build.0 = Release|Any CPU
	EndGlobalSection
EndGlobal
