
Microsoft Visual Studio Solution File, Format Version 12.00
# Visual Studio Version 17
VisualStudioVersion = 17.3.32825.248
MinimumVisualStudioVersion = 10.0.40219.1
Project("{FAE04EC0-301F-11D3-BF4B-00C04F79EFBC}") = "AmazBlog.EF", "AmazBlog.EF\AmazBlog.EF.csproj", "{2C4AC26A-564E-45BA-9256-D7120FBC658D}"
EndProject
Project("{FAE04EC0-301F-11D3-BF4B-00C04F79EFBC}") = "AmazBlog.Shared", "AmazBlog.Shared\AmazBlog.Shared.csproj", "{EB563958-B254-4893-AD84-61F8BF17B0FC}"
EndProject
Project("{FAE04EC0-301F-11D3-BF4B-00C04F79EFBC}") = "AmazBlog.Web", "AmazBlog.Web\AmazBlog.Web.csproj", "{7C312336-6F7A-43A6-8803-DA4C2594FA34}"
EndProject
Project("{2150E333-8FDC-42A3-9474-1A3956D46DE8}") = "Solution Items", "Solution Items", "{A2E07C68-321B-41EA-9C94-871C30450D09}"
	ProjectSection(SolutionItems) = preProject
		.gitignore = .gitignore
	EndProjectSection
EndProject
Global
	GlobalSection(SolutionConfigurationPlatforms) = preSolution
		Debug|Any CPU = Debug|Any CPU
		Release|Any CPU = Release|Any CPU
	EndGlobalSection
	GlobalSection(ProjectConfigurationPlatforms) = postSolution
		{71375432-BF64-4FAE-8757-1C230C51C0AD}.Debug|Any CPU.ActiveCfg = Debug|Any CPU
		{71375432-BF64-4FAE-8757-1C230C51C0AD}.Debug|Any CPU.Build.0 = Debug|Any CPU
		{71375432-BF64-4FAE-8757-1C230C51C0AD}.Release|Any CPU.ActiveCfg = Release|Any CPU
		{71375432-BF64-4FAE-8757-1C230C51C0AD}.Release|Any CPU.Build.0 = Release|Any CPU
		{2C4AC26A-564E-45BA-9256-D7120FBC658D}.Debug|Any CPU.ActiveCfg = Debug|Any CPU
		{2C4AC26A-564E-45BA-9256-D7120FBC658D}.Debug|Any CPU.Build.0 = Debug|Any CPU
		{2C4AC26A-564E-45BA-9256-D7120FBC658D}.Release|Any CPU.ActiveCfg = Release|Any CPU
		{2C4AC26A-564E-45BA-9256-D7120FBC658D}.Release|Any CPU.Build.0 = Release|Any CPU
		{EB563958-B254-4893-AD84-61F8BF17B0FC}.Debug|Any CPU.ActiveCfg = Debug|Any CPU
		{EB563958-B254-4893-AD84-61F8BF17B0FC}.Debug|Any CPU.Build.0 = Debug|Any CPU
		{EB563958-B254-4893-AD84-61F8BF17B0FC}.Release|Any CPU.ActiveCfg = Release|Any CPU
		{EB563958-B254-4893-AD84-61F8BF17B0FC}.Release|Any CPU.Build.0 = Release|Any CPU
		{7C312336-6F7A-43A6-8803-DA4C2594FA34}.Debug|Any CPU.ActiveCfg = Debug|Any CPU
		{7C312336-6F7A-43A6-8803-DA4C2594FA34}.Debug|Any CPU.Build.0 = Debug|Any CPU
		{7C312336-6F7A-43A6-8803-DA4C2594FA34}.Release|Any CPU.ActiveCfg = Release|Any CPU
		{7C312336-6F7A-43A6-8803-DA4C2594FA34}.Release|Any CPU.Build.0 = Release|Any CPU
	EndGlobalSection
	GlobalSection(SolutionProperties) = preSolution
		HideSolutionNode = FALSE
	EndGlobalSection
	GlobalSection(ExtensibilityGlobals) = postSolution
		SolutionGuid = {F6CDF14F-7065-41C0-A8CB-D4D9AE3E10BF}
	EndGlobalSection
EndGlobal
