
Microsoft Visual Studio Solution File, Format Version 12.00
# Visual Studio Version 16
VisualStudioVersion = 16.0.30114.105
MinimumVisualStudioVersion = 10.0.40219.1
Project("{FAE04EC0-301F-11D3-BF4B-00C04F79EFBC}") = "AmazBlog.Infrastructure", "Infrastructure\AmazBlog.Infrastructure.csproj", "{B8517A01-1690-4395-96C9-693BA46211A4}"
EndProject
Project("{FAE04EC0-301F-11D3-BF4B-00C04F79EFBC}") = "AmazBlog.Share", "Share\AmazBlog.Share.csproj", "{A9F40795-804D-4FB7-9773-441D00DA19C1}"
EndProject
Project("{FAE04EC0-301F-11D3-BF4B-00C04F79EFBC}") = "AmazBlog.Console", "AmazBlog.Console\AmazBlog.Console.csproj", "{3FB0DDC6-3E99-4D5B-ABDA-2BB441979654}"
EndProject
Project("{FAE04EC0-301F-11D3-BF4B-00C04F79EFBC}") = "AmazBlog.Web", "AmazBlog.Web\AmazBlog.Web.csproj", "{BACF00F8-CC55-442F-823A-EBD71ABA789B}"
EndProject
Global
	GlobalSection(SolutionConfigurationPlatforms) = preSolution
		Debug|Any CPU = Debug|Any CPU
		Release|Any CPU = Release|Any CPU
	EndGlobalSection
	GlobalSection(SolutionProperties) = preSolution
		HideSolutionNode = FALSE
	EndGlobalSection
	GlobalSection(ProjectConfigurationPlatforms) = postSolution
		{B8517A01-1690-4395-96C9-693BA46211A4}.Debug|Any CPU.ActiveCfg = Debug|Any CPU
		{B8517A01-1690-4395-96C9-693BA46211A4}.Debug|Any CPU.Build.0 = Debug|Any CPU
		{B8517A01-1690-4395-96C9-693BA46211A4}.Release|Any CPU.ActiveCfg = Release|Any CPU
		{B8517A01-1690-4395-96C9-693BA46211A4}.Release|Any CPU.Build.0 = Release|Any CPU
		{A9F40795-804D-4FB7-9773-441D00DA19C1}.Debug|Any CPU.ActiveCfg = Debug|Any CPU
		{A9F40795-804D-4FB7-9773-441D00DA19C1}.Debug|Any CPU.Build.0 = Debug|Any CPU
		{A9F40795-804D-4FB7-9773-441D00DA19C1}.Release|Any CPU.ActiveCfg = Release|Any CPU
		{A9F40795-804D-4FB7-9773-441D00DA19C1}.Release|Any CPU.Build.0 = Release|Any CPU
		{3FB0DDC6-3E99-4D5B-ABDA-2BB441979654}.Debug|Any CPU.ActiveCfg = Debug|Any CPU
		{3FB0DDC6-3E99-4D5B-ABDA-2BB441979654}.Debug|Any CPU.Build.0 = Debug|Any CPU
		{3FB0DDC6-3E99-4D5B-ABDA-2BB441979654}.Release|Any CPU.ActiveCfg = Release|Any CPU
		{3FB0DDC6-3E99-4D5B-ABDA-2BB441979654}.Release|Any CPU.Build.0 = Release|Any CPU
		{BACF00F8-CC55-442F-823A-EBD71ABA789B}.Debug|Any CPU.ActiveCfg = Debug|Any CPU
		{BACF00F8-CC55-442F-823A-EBD71ABA789B}.Debug|Any CPU.Build.0 = Debug|Any CPU
		{BACF00F8-CC55-442F-823A-EBD71ABA789B}.Release|Any CPU.ActiveCfg = Release|Any CPU
		{BACF00F8-CC55-442F-823A-EBD71ABA789B}.Release|Any CPU.Build.0 = Release|Any CPU
	EndGlobalSection
EndGlobal
