
Microsoft Visual Studio Solution File, Format Version 12.00
# Visual Studio Version 17
VisualStudioVersion = 17.0.31903.59
MinimumVisualStudioVersion = 10.0.40219.1
Project("{FAE04EC0-301F-11D3-BF4B-00C04F79EFBC}") = "OrchardBooking.Web", "OrchardBooking.Web\OrchardBooking.Web.csproj", "{8A1EABAD-45A4-44F9-BA0C-5C1570CA460C}"
EndProject
Project("{FAE04EC0-301F-11D3-BF4B-00C04F79EFBC}") = "OrchardBooking.Module", "OrchardBooking.Module\OrchardBooking.Module.csproj", "{5292A778-E242-416A-932B-7552E51B731C}"
EndProject
Global
	GlobalSection(SolutionConfigurationPlatforms) = preSolution
		Debug|Any CPU = Debug|Any CPU
		Release|Any CPU = Release|Any CPU
	EndGlobalSection
	GlobalSection(SolutionProperties) = preSolution
		HideSolutionNode = FALSE
	EndGlobalSection
	GlobalSection(ProjectConfigurationPlatforms) = postSolution
		{8A1EABAD-45A4-44F9-BA0C-5C1570CA460C}.Debug|Any CPU.ActiveCfg = Debug|Any CPU
		{8A1EABAD-45A4-44F9-BA0C-5C1570CA460C}.Debug|Any CPU.Build.0 = Debug|Any CPU
		{8A1EABAD-45A4-44F9-BA0C-5C1570CA460C}.Release|Any CPU.ActiveCfg = Release|Any CPU
		{8A1EABAD-45A4-44F9-BA0C-5C1570CA460C}.Release|Any CPU.Build.0 = Release|Any CPU
		{5292A778-E242-416A-932B-7552E51B731C}.Debug|Any CPU.ActiveCfg = Debug|Any CPU
		{5292A778-E242-416A-932B-7552E51B731C}.Debug|Any CPU.Build.0 = Debug|Any CPU
		{5292A778-E242-416A-932B-7552E51B731C}.Release|Any CPU.ActiveCfg = Release|Any CPU
		{5292A778-E242-416A-932B-7552E51B731C}.Release|Any CPU.Build.0 = Release|Any CPU
	EndGlobalSection
EndGlobal
